{
  "name": "broker",
  "version": "1.0.0",
  "lockfileVersion": 3,
  "requires": true,
  "packages": {
    "": {
      "name": "broker",
      "version": "1.0.0",
      "license": "ISC",
      "dependencies": {
        "mosca": "^0.6.0"
      }
    },
    "node_modules/@isaacs/cliui": {
      "version": "8.0.2",
      "resolved": "https://registry.npmjs.org/@isaacs/cliui/-/cliui-8.0.2.tgz",
      "integrity": "sha512-O8jcjabXaleOG9DQ0+ARXWZBTfnP4WNAqzuiJK7ll44AmxGKv/J2M4TPjxjY3znBCfvBXFzucm1twdyFybFqEA==",
      "dependencies": {
        "string-width": "^5.1.2",
        "string-width-cjs": "npm:string-width@^4.2.0",
        "strip-ansi": "^7.0.1",
        "strip-ansi-cjs": "npm:strip-ansi@^6.0.1",
        "wrap-ansi": "^8.1.0",
        "wrap-ansi-cjs": "npm:wrap-ansi@^7.0.0"
      },
      "engines": {
        "node": ">=12"
      }
    },
    "node_modules/@pkgjs/parseargs": {
      "version": "0.11.0",
      "resolved": "https://registry.npmjs.org/@pkgjs/parseargs/-/parseargs-0.11.0.tgz",
      "integrity": "sha512-+1VkjdD0QBLPodGrJUeqarH8VAIvQODIbwh9XpP5Syisf7YoQgsJKPNFoqqLQlu+VQ/tVSshMR6loPMn8U+dPg==",
      "optional": true,
      "engines": {
        "node": ">=14"
      }
    },
    "node_modules/amqp": {
      "version": "0.1.8",
      "resolved": "https://registry.npmjs.org/amqp/-/amqp-0.1.8.tgz",
      "integrity": "sha512-vPPU2uRb4nLwp5lYiZbo1dqCvKOjfz3+YEa9SDRuM6+Ra+S9S5EM6mBfp8iVZxYpdmnBCHKKJ6zcSvP+cHbQwQ==",
      "optional": true,
      "dependencies": {
        "lodash": "~1.3.1",
        "longjohn": "~0.2.1"
      },
      "engines": {
        "node": "0.4 || 0.6 || 0.8 || 0.9 || 0.10"
      }
    },
    "node_modules/ansi-regex": {
      "version": "6.0.1",
      "resolved": "https://registry.npmjs.org/ansi-regex/-/ansi-regex-6.0.1.tgz",
      "integrity": "sha512-n5M855fKb2SsfMIiFFoVrABHJC8QtHwVx+mHWP3QcEqBHYienj5dHSgjbxtC0WEZXYt4wcD6zrQElDPhFuZgfA==",
      "engines": {
        "node": ">=12"
      },
      "funding": {
        "url": "https://github.com/chalk/ansi-regex?sponsor=1"
      }
    },
    "node_modules/ansi-styles": {
      "version": "6.2.1",
      "resolved": "https://registry.npmjs.org/ansi-styles/-/ansi-styles-6.2.1.tgz",
      "integrity": "sha512-bN798gFfQX+viw3R7yrGWRqnrN2oRkEkUjjl4JNn4E8GxxbjtG3FbrEIIY3l8/hrwUwIeCZvi4QuOTP4MErVug==",
      "engines": {
        "node": ">=12"
      },
      "funding": {
        "url": "https://github.com/chalk/ansi-styles?sponsor=1"
      }
    },
    "node_modules/ascoltatori": {
      "version": "0.6.0",
      "resolved": "https://registry.npmjs.org/ascoltatori/-/ascoltatori-0.6.0.tgz",
      "integrity": "sha512-yxAVQU2qzPStCKw0K9LFexCNa7gCuzkWpymO7jdN5NSbB3fOoKXuNVcYM5aASMLGvaPwANB5WpVf61xeflp5zQ==",
      "dependencies": {
        "async": "~0.2.6",
        "debug": "~0.7.2",
        "jshint": "~1.1.0",
        "node-uuid": "~1.4.0"
      },
      "optionalDependencies": {
        "amqp": "~0.1.4",
        "hiredis": "~0.1.14",
        "mongodb": "~1.3.0",
        "mqtt": "~0.2.6",
        "redis": "~0.8.1",
        "zmq": "~2.4.0"
      }
    },
    "node_modules/async": {
      "version": "0.2.10",
      "resolved": "https://registry.npmjs.org/async/-/async-0.2.10.tgz",
      "integrity": "sha512-eAkdoKxU6/LkKDBzLpT+t6Ff5EtfSF4wx1WfJiPEEV7WNLnDaRXk0oVysiEPm262roaachGexwUv94WhSgN5TQ=="
    },
    "node_modules/balanced-match": {
      "version": "1.0.2",
      "resolved": "https://registry.npmjs.org/balanced-match/-/balanced-match-1.0.2.tgz",
      "integrity": "sha512-3oSeUO0TMV67hN1AmbXsK4yaqU7tjiHlbxRDZOpH0KW9+CeX4bRAaX0Anxt0tx2MrpRpWwQaPwIlISEJhYU5Pw=="
    },
    "node_modules/bindings": {
      "version": "1.5.0",
      "resolved": "https://registry.npmjs.org/bindings/-/bindings-1.5.0.tgz",
      "integrity": "sha512-p2q/t/mhvuOj/UeLlV6566GD/guowlr0hHxClI0W9m7MWYkL1F0hLo+0Aexs9HSPCtR1SXQ0TD3MMKrXZajbiQ==",
      "optional": true,
      "dependencies": {
        "file-uri-to-path": "1.0.0"
      }
    },
    "node_modules/brace-expansion": {
      "version": "2.0.1",
      "resolved": "https://registry.npmjs.org/brace-expansion/-/brace-expansion-2.0.1.tgz",
      "integrity": "sha512-XnAIvQ8eM+kC6aULx6wuQiwVsnzsi9d3WxzV3FpWTGA19F621kwdbsAcFKXgKUHZWsy+mY6iL1sHTxWEFCytDA==",
      "dependencies": {
        "balanced-match": "^1.0.0"
      }
    },
    "node_modules/bson": {
      "version": "0.2.5",
      "resolved": "https://registry.npmjs.org/bson/-/bson-0.2.5.tgz",
      "integrity": "sha512-Cyohgcnnb3Qfeg15o2o/ZY/DdOutzpDCXnsNA44xc6ktviDyaYf/QR/N9nmii+FDpN1CowpQj/mo7Sgmo+7vBQ==",
      "deprecated": "Fixed a critical issue with BSON serialization documented in CVE-2019-2391, see https://bit.ly/2KcpXdo for more details",
      "hasInstallScript": true,
      "optional": true,
      "engines": {
        "node": ">=0.6.19"
      }
    },
    "node_modules/buffer-from": {
      "version": "1.1.2",
      "resolved": "https://registry.npmjs.org/buffer-from/-/buffer-from-1.1.2.tgz",
      "integrity": "sha512-E+XQCRwSbaaiChtv6k6Dwgc+bx+Bs6vuKJHHl5kox/BaKbhiXzqQOwK4cO22yElGp2OCmjwVhT3HmxgyPGnJfQ==",
      "optional": true
    },
    "node_modules/bunyan": {
      "version": "0.21.4",
      "resolved": "https://registry.npmjs.org/bunyan/-/bunyan-0.21.4.tgz",
      "integrity": "sha512-fSEMouiHeeExz7IuyK9xWX5FvVP+JIMA/8+I7TjaNswmb86c+ccxYFiuPZIJHCilunLRXeaUN0msRqtGYUBVqw==",
      "engines": [
        "node >=0.6.0"
      ],
      "bin": {
        "bunyan": "bin/bunyan"
      },
      "optionalDependencies": {
        "dtrace-provider": "0.2.8",
        "mv": "0.0.5"
      }
    },
    "node_modules/cli": {
      "version": "0.4.5",
      "resolved": "https://registry.npmjs.org/cli/-/cli-0.4.5.tgz",
      "integrity": "sha512-dbn5HyeJWSOU58RwOEiF1VWrl7HRvDsKLpu0uiI/vExH6iNoyUzjB5Mr3IJY5DVUfnbpe9793xw4DFJVzC9nWQ==",
      "dependencies": {
        "glob": ">= 3.1.4"
      },
      "engines": {
        "node": ">=0.2.5"
      }
    },
    "node_modules/color-convert": {
      "version": "2.0.1",
      "resolved": "https://registry.npmjs.org/color-convert/-/color-convert-2.0.1.tgz",
      "integrity": "sha512-RRECPsj7iu/xb5oKYcsFHSppFNnsj/52OVTRKb4zP5onXwVF3zVmmToNcOfGC+CRDpfK/U584fMg38ZHCaElKQ==",
      "dependencies": {
        "color-name": "~1.1.4"
      },
      "engines": {
        "node": ">=7.0.0"
      }
    },
    "node_modules/color-name": {
      "version": "1.1.4",
      "resolved": "https://registry.npmjs.org/color-name/-/color-name-1.1.4.tgz",
      "integrity": "sha512-dOy+3AuW3a2wNbZHIuMZpTcgjGuLU/uBL/ubcZF9OXbDo8ff4O8yVp5Bf0efS8uEoYo5q4Fx7dY9OgQGXgAsQA=="
    },
    "node_modules/commander": {
      "version": "1.1.1",
      "resolved": "https://registry.npmjs.org/commander/-/commander-1.1.1.tgz",
      "integrity": "sha512-71Rod2AhcH3JhkBikVpNd0pA+fWsmAaVoti6OR38T76chA7vE3pSerS0Jor4wDw+tOueD2zLVvFOw5H0Rcj7rA==",
      "dependencies": {
        "keypress": "0.1.x"
      },
      "engines": {
        "node": ">= 0.6.x"
      }
    },
    "node_modules/core-util-is": {
      "version": "1.0.3",
      "resolved": "https://registry.npmjs.org/core-util-is/-/core-util-is-1.0.3.tgz",
      "integrity": "sha512-ZQBvi1DcpJ4GDqanjucZ2Hj3wEO5pZDS89BWbkcrvdxksJorwUDDZamX9ldFkp9aw2lmBDLgkObEA4DWNJ9FYQ=="
    },
    "node_modules/cross-spawn": {
      "version": "7.0.3",
      "resolved": "https://registry.npmjs.org/cross-spawn/-/cross-spawn-7.0.3.tgz",
      "integrity": "sha512-iRDPJKUPVEND7dHPO8rkbOnPpyDygcDFtWjpeWNCgy8WP2rXcxXL8TskReQl6OrB2G7+UJrags1q15Fudc7G6w==",
      "dependencies": {
        "path-key": "^3.1.0",
        "shebang-command": "^2.0.0",
        "which": "^2.0.1"
      },
      "engines": {
        "node": ">= 8"
      }
    },
    "node_modules/debug": {
      "version": "0.7.4",
      "resolved": "https://registry.npmjs.org/debug/-/debug-0.7.4.tgz",
      "integrity": "sha512-EohAb3+DSHSGx8carOSKJe8G0ayV5/i609OD0J2orCkuyae7SyZSz2aoLmQF2s0Pj5gITDebwPH7GFBlqOUQ1Q==",
      "engines": {
        "node": "*"
      }
    },
    "node_modules/dtrace-provider": {
      "version": "0.2.8",
      "resolved": "https://registry.npmjs.org/dtrace-provider/-/dtrace-provider-0.2.8.tgz",
      "integrity": "sha512-wufYnYt4ISHnT9MEiRgQ3trXuolt7mICTa/ckT+KYHR667K9H82lmI8KM7zKUJ8l5I343A34wJnvL++1TJn1iA==",
      "hasInstallScript": true,
      "optional": true,
      "engines": {
        "node": ">=0.6"
      }
    },
    "node_modules/eastasianwidth": {
      "version": "0.2.0",
      "resolved": "https://registry.npmjs.org/eastasianwidth/-/eastasianwidth-0.2.0.tgz",
      "integrity": "sha512-I88TYZWc9XiYHRQ4/3c5rjjfgkjhLyW2luGIheGERbNQ6OY7yTybanSpDXZa8y7VUP9YmDcYa+eyq4ca7iLqWA=="
    },
    "node_modules/emoji-regex": {
      "version": "9.2.2",
      "resolved": "https://registry.npmjs.org/emoji-regex/-/emoji-regex-9.2.2.tgz",
      "integrity": "sha512-L18DaJsXSUk2+42pv8mLs5jJT2hqFkFE4j21wOmgbUqsZ2hL72NsUU785g9RXgo3s0ZNgVl42TiHp3ZtOv/Vyg=="
    },
    "node_modules/esprima": {
      "version": "4.0.0-dev",
      "resolved": "https://github.com/ariya/esprima/tarball/master",
      "integrity": "sha512-H9z4Ewu3Xj1477wLWtP4hTmGIiNJ04cfFav82HeTy4615+5juAjgVe9lHXZ0qczydtz1slHul64nTP/+51T0bw==",
      "license": "BSD-2-Clause",
      "bin": {
        "esparse": "bin/esparse.js",
        "esvalidate": "bin/esvalidate.js"
      },
      "engines": {
        "node": ">=8"
      }
    },
    "node_modules/file-uri-to-path": {
      "version": "1.0.0",
      "resolved": "https://registry.npmjs.org/file-uri-to-path/-/file-uri-to-path-1.0.0.tgz",
      "integrity": "sha512-0Zt+s3L7Vf1biwWZ29aARiVYLx7iMGnEUl9x33fbB/j3jR81u/O2LbqK+Bm1CDSNDKVtJ/YjwY7TUd5SkeLQLw==",
      "optional": true
    },
    "node_modules/foreground-child": {
      "version": "3.1.1",
      "resolved": "https://registry.npmjs.org/foreground-child/-/foreground-child-3.1.1.tgz",
      "integrity": "sha512-TMKDUnIte6bfb5nWv7V/caI169OHgvwjb7V4WkeUvbQQdjr5rWKqHFiKWb/fcOwB+CzBT+qbWjvj+DVwRskpIg==",
      "dependencies": {
        "cross-spawn": "^7.0.0",
        "signal-exit": "^4.0.1"
      },
      "engines": {
        "node": ">=14"
      },
      "funding": {
        "url": "https://github.com/sponsors/isaacs"
      }
    },
    "node_modules/glob": {
      "version": "10.3.10",
      "resolved": "https://registry.npmjs.org/glob/-/glob-10.3.10.tgz",
      "integrity": "sha512-fa46+tv1Ak0UPK1TOy/pZrIybNNt4HCv7SDzwyfiOZkvZLEbjsZkJBPtDHVshZjbecAoAGSC20MjLDG/qr679g==",
      "dependencies": {
        "foreground-child": "^3.1.0",
        "jackspeak": "^2.3.5",
        "minimatch": "^9.0.1",
        "minipass": "^5.0.0 || ^6.0.2 || ^7.0.0",
        "path-scurry": "^1.10.1"
      },
      "bin": {
        "glob": "dist/esm/bin.mjs"
      },
      "engines": {
        "node": ">=16 || 14 >=14.17"
      },
      "funding": {
        "url": "https://github.com/sponsors/isaacs"
      }
    },
    "node_modules/glob/node_modules/minimatch": {
      "version": "9.0.3",
      "resolved": "https://registry.npmjs.org/minimatch/-/minimatch-9.0.3.tgz",
      "integrity": "sha512-RHiac9mvaRw0x3AYRgDC1CxAP7HTcNrrECeA8YYJeWnpo+2Q5CegtZjaotWTWxDG3UeGA1coE05iH1mPjT/2mg==",
      "dependencies": {
        "brace-expansion": "^2.0.1"
      },
      "engines": {
        "node": ">=16 || 14 >=14.17"
      },
      "funding": {
        "url": "https://github.com/sponsors/isaacs"
      }
    },
    "node_modules/hiredis": {
      "version": "0.1.17",
      "resolved": "https://registry.npmjs.org/hiredis/-/hiredis-0.1.17.tgz",
      "integrity": "sha512-fto1AYrv5M4H9PDnWsOza2pdhoUlDKNSlzobRX/G/9kpjSNjnjJSVkpzamWsQhEQ3KeJaWL2PL23P4dZYxqlXg==",
      "hasInstallScript": true,
      "optional": true,
      "dependencies": {
        "bindings": "*",
        "nan": "~1.1.0"
      },
      "engines": {
        "node": ">= 0.6.0"
      }
    },
    "node_modules/inherits": {
      "version": "2.0.4",
      "resolved": "https://registry.npmjs.org/inherits/-/inherits-2.0.4.tgz",
      "integrity": "sha512-k/vGaX4/Yla3WzyMCvTQOXYeIHvqOKtnqBduzTHpzpQZzAskKMhZ2K+EnBiSM9zGSoIFeMpXKxa4dYeZIQqewQ=="
    },
    "node_modules/is-fullwidth-code-point": {
      "version": "3.0.0",
      "resolved": "https://registry.npmjs.org/is-fullwidth-code-point/-/is-fullwidth-code-point-3.0.0.tgz",
      "integrity": "sha512-zymm5+u+sCsSWyD9qNaejV3DFvhCKclKdizYaJUuHA83RLjb7nSuGnddCHGv0hk+KY7BMAlsWeK4Ueg6EV6XQg==",
      "engines": {
        "node": ">=8"
      }
    },
    "node_modules/isarray": {
      "version": "0.0.1",
      "resolved": "https://registry.npmjs.org/isarray/-/isarray-0.0.1.tgz",
      "integrity": "sha512-D2S+3GLxWH+uhrNEcoh/fnmYeP8E8/zHl644d/jdA0g2uyXvy3sb0qxotE+ne0LtccHknQzWwZEzhak7oJ0COQ=="
    },
    "node_modules/isexe": {
      "version": "2.0.0",
      "resolved": "https://registry.npmjs.org/isexe/-/isexe-2.0.0.tgz",
      "integrity": "sha512-RHxMLp9lnKHGHRng9QFhRCMbYAcVpn69smSGcq3f36xjgVVWThj4qqLbTLlq7Ssj8B+fIQ1EuCEGI2lKsyQeIw=="
    },
    "node_modules/jackspeak": {
      "version": "2.3.6",
      "resolved": "https://registry.npmjs.org/jackspeak/-/jackspeak-2.3.6.tgz",
      "integrity": "sha512-N3yCS/NegsOBokc8GAdM8UcmfsKiSS8cipheD/nivzr700H+nsMOxJjQnvwOcRYVuFkdH0wGUvW2WbXGmrZGbQ==",
      "dependencies": {
        "@isaacs/cliui": "^8.0.2"
      },
      "engines": {
        "node": ">=14"
      },
      "funding": {
        "url": "https://github.com/sponsors/isaacs"
      },
      "optionalDependencies": {
        "@pkgjs/parseargs": "^0.11.0"
      }
    },
    "node_modules/jshint": {
      "version": "1.1.0",
      "resolved": "https://registry.npmjs.org/jshint/-/jshint-1.1.0.tgz",
      "integrity": "sha512-cImuBImOFVRIMDCkX7csdPRGTz99IQZR4NSTLlnF9wEib1zSeuIDI/D8BOb9241W5bBUTUnao4dji5JQPVfs8A==",
      "dependencies": {
        "cli": "0.4.x",
        "esprima": "https://github.com/ariya/esprima/tarball/master",
        "minimatch": "0.x.x",
        "peakle": "0.0.x",
        "shelljs": "0.1.x",
        "underscore": "1.4.x"
      },
      "bin": {
        "jshint": "bin/jshint"
      }
    },
    "node_modules/kerberos": {
      "version": "0.0.3",
      "resolved": "https://registry.npmjs.org/kerberos/-/kerberos-0.0.3.tgz",
      "integrity": "sha512-F9z+7FT9Fa68tesrXMreEneHWgLvmQhvjfxsXYvlnByuTGJKNy70c8yGjmsk3TJA/glNKQ3zoqTlwfmaI4eQIA==",
      "hasInstallScript": true,
      "optional": true
    },
    "node_modules/keypress": {
      "version": "0.1.0",
      "resolved": "https://registry.npmjs.org/keypress/-/keypress-0.1.0.tgz",
      "integrity": "sha512-x0yf9PL/nx9Nw9oLL8ZVErFAk85/lslwEP7Vz7s5SI1ODXZIgit3C5qyWjw4DxOuO/3Hb4866SQh28a1V1d+WA=="
    },
    "node_modules/lodash": {
      "version": "1.3.1",
      "resolved": "https://registry.npmjs.org/lodash/-/lodash-1.3.1.tgz",
      "integrity": "sha512-F7AB8u+6d00CCgnbjWzq9fFLpzOMCgq6mPjOW4+8+dYbrnc0obRrC+IHctzfZ1KKTQxX0xo/punrlpOWcf4gpw==",
      "engines": [
        "node",
        "rhino"
      ],
      "optional": true
    },
    "node_modules/longjohn": {
      "version": "0.2.12",
      "resolved": "https://registry.npmjs.org/longjohn/-/longjohn-0.2.12.tgz",
      "integrity": "sha512-36GDBamIwXTdCikEO29GWsE3GjtNGBGKNqSwWbwXczVC3KHNA1OzzIBKc9uocjQVYAPVGf/TWn9b0aPnraPjiQ==",
      "optional": true,
      "dependencies": {
        "source-map-support": "0.3.2 - 1.0.0"
      },
      "engines": {
        "node": ">= 0.9.3"
      }
    },
    "node_modules/lru-cache": {
      "version": "2.7.3",
      "resolved": "https://registry.npmjs.org/lru-cache/-/lru-cache-2.7.3.tgz",
      "integrity": "sha512-WpibWJ60c3AgAz8a2iYErDrcT2C7OmKnsWhIcHOjkUHFjkXncJhtLxNSqUmxRxRunpb5I8Vprd7aNSd2NtksJQ=="
    },
    "node_modules/minimatch": {
      "version": "0.2.14",
      "resolved": "https://registry.npmjs.org/minimatch/-/minimatch-0.2.14.tgz",
      "integrity": "sha512-zZ+Jy8lVWlvqqeM8iZB7w7KmQkoJn8djM585z88rywrEbzoqawVa9FR5p2hwD+y74nfuKOjmNvi9gtWJNLqHvA==",
      "deprecated": "Please update to minimatch 3.0.2 or higher to avoid a RegExp DoS issue",
      "dependencies": {
        "lru-cache": "2",
        "sigmund": "~1.0.0"
      },
      "engines": {
        "node": "*"
      }
    },
    "node_modules/minipass": {
      "version": "7.0.4",
      "resolved": "https://registry.npmjs.org/minipass/-/minipass-7.0.4.tgz",
      "integrity": "sha512-jYofLM5Dam9279rdkWzqHozUo4ybjdZmCsDHePy5V/PbBcVMiSZR97gmAy45aqi8CK1lG2ECd356FU86avfwUQ==",
      "engines": {
        "node": ">=16 || 14 >=14.17"
      }
    },
    "node_modules/mongodb": {
      "version": "1.3.23",
      "resolved": "https://registry.npmjs.org/mongodb/-/mongodb-1.3.23.tgz",
      "integrity": "sha512-z+gksaRRYuA+MTukjAvUlpX2KssTZ2Y7J58stYUnelQkV2DDHSKlrJQt2f2HwME6AUupnkAYiLtuqZPDM7ipOg==",
      "deprecated": "Please upgrade to 2.2.19 or higher",
      "optional": true,
      "dependencies": {
        "bson": "0.2.5"
      },
      "engines": {
        "node": ">=0.6.19"
      },
      "optionalDependencies": {
        "kerberos": "0.0.3"
      }
    },
    "node_modules/mosca": {
      "version": "0.6.0",
      "resolved": "https://registry.npmjs.org/mosca/-/mosca-0.6.0.tgz",
      "integrity": "sha512-kUlLrWoxkzLNC5RC4sqcRcbP+x8QfwXiKtzIz2hTPrqavmKgEq+K+M3rT5siXETxNFqDReJrZR7I2fQdZ57Sgg==",
      "dependencies": {
        "ascoltatori": "~0.6.0",
        "async": "~0.2.4",
        "bunyan": "~0.21.3",
        "commander": "~1.1.1",
        "debug": "~0.7.2",
        "minimatch": "~0.2.11",
        "mqtt": "~0.2.10"
      },
      "bin": {
        "mosca": "bin/mosca"
      },
      "optionalDependencies": {
        "amqp": "~0.1.4",
        "redis": "~0.8.2",
        "zmq": "~2.4.0"
      }
    },
    "node_modules/mqtt": {
      "version": "0.2.11",
      "resolved": "https://registry.npmjs.org/mqtt/-/mqtt-0.2.11.tgz",
      "integrity": "sha512-OgQMOsZWG7LHkMcIYtUYsrRmQshVQfKie6xtmHX1PCxoIH5Kkpssw3d1lbVOz5BxrO0ES97W3WBa+8ZTZoWQTQ==",
      "dependencies": {
        "readable-stream": "~1.0.2"
      },
      "bin": {
        "mqtt_pub": "bin/mqtt_pub",
        "mqtt_sub": "bin/mqtt_sub"
      },
      "engines": {
        "node": ">=0.8.6"
      }
    },
    "node_modules/mv": {
      "version": "0.0.5",
      "resolved": "https://registry.npmjs.org/mv/-/mv-0.0.5.tgz",
      "integrity": "sha512-8j4wV8oJDjvDE4dHIOMwP5a0zjsUXy06PPtEtIdjwOduF4jAaLCWGn3qiZmu+6kODeMeO+nHucL2DIm2hHDanA==",
      "optional": true,
      "engines": {
        "node": ">=0.8.0"
      }
    },
    "node_modules/nan": {
      "version": "1.1.2",
      "resolved": "https://registry.npmjs.org/nan/-/nan-1.1.2.tgz",
      "integrity": "sha512-J7y8XfGMJyLdCesSUmrjwFqK+5Do+TxVthz/lDcfF8olnl3y8pNOw+8yL4mblVSc2DW24n2SyiD736JiVA58Vg==",
      "optional": true
    },
    "node_modules/node-uuid": {
      "version": "1.4.8",
      "resolved": "https://registry.npmjs.org/node-uuid/-/node-uuid-1.4.8.tgz",
      "integrity": "sha512-TkCET/3rr9mUuRp+CpO7qfgT++aAxfDRaalQhwPFzI9BY/2rCDn6OfpZOVggi1AXfTPpfkTrg5f5WQx5G1uLxA==",
      "deprecated": "Use uuid module instead",
      "bin": {
        "uuid": "bin/uuid"
      }
    },
    "node_modules/path-key": {
      "version": "3.1.1",
      "resolved": "https://registry.npmjs.org/path-key/-/path-key-3.1.1.tgz",
      "integrity": "sha512-ojmeN0qd+y0jszEtoY48r0Peq5dwMEkIlCOu6Q5f41lfkswXuKtYrhgoTpLnyIcHm24Uhqx+5Tqm2InSwLhE6Q==",
      "engines": {
        "node": ">=8"
      }
    },
    "node_modules/path-scurry": {
      "version": "1.10.1",
      "resolved": "https://registry.npmjs.org/path-scurry/-/path-scurry-1.10.1.tgz",
      "integrity": "sha512-MkhCqzzBEpPvxxQ71Md0b1Kk51W01lrYvlMzSUaIzNsODdd7mqhiimSZlr+VegAz5Z6Vzt9Xg2ttE//XBhH3EQ==",
      "dependencies": {
        "lru-cache": "^9.1.1 || ^10.0.0",
        "minipass": "^5.0.0 || ^6.0.2 || ^7.0.0"
      },
      "engines": {
        "node": ">=16 || 14 >=14.17"
      },
      "funding": {
        "url": "https://github.com/sponsors/isaacs"
      }
    },
    "node_modules/path-scurry/node_modules/lru-cache": {
      "version": "10.1.0",
      "resolved": "https://registry.npmjs.org/lru-cache/-/lru-cache-10.1.0.tgz",
      "integrity": "sha512-/1clY/ui8CzjKFyjdvwPWJUYKiFVXG2I2cY0ssG7h4+hwk+XOIX7ZSG9Q7TW8TW3Kp3BUSqgFWBLgL4PJ+Blag==",
      "engines": {
        "node": "14 || >=16.14"
      }
    },
    "node_modules/peakle": {
      "version": "0.0.1",
      "resolved": "https://registry.npmjs.org/peakle/-/peakle-0.0.1.tgz",
      "integrity": "sha512-VKNRHu+WvUQJfw6Y86hbRETGfNcr//n0PiGfRt5XsEm15uNIYYISD4pp9R/HV5uxT658fVD1cO5beUcFwoWYuw==",
      "engines": {
        "node": "*"
      }
    },
    "node_modules/readable-stream": {
      "version": "1.0.34",
      "resolved": "https://registry.npmjs.org/readable-stream/-/readable-stream-1.0.34.tgz",
      "integrity": "sha512-ok1qVCJuRkNmvebYikljxJA/UEsKwLl2nI1OmaqAu4/UE+h0wKCHok4XkL/gvi39OacXvw59RJUOFUkDib2rHg==",
      "dependencies": {
        "core-util-is": "~1.0.0",
        "inherits": "~2.0.1",
        "isarray": "0.0.1",
        "string_decoder": "~0.10.x"
      }
    },
    "node_modules/redis": {
      "version": "0.8.6",
      "resolved": "https://registry.npmjs.org/redis/-/redis-0.8.6.tgz",
      "integrity": "sha512-YjA/U7ASlxLsXhbkl+5/qY5lFunGaY3dxU8ZFyBONg3mcu/D18NeB8DsM7/LPS2CRTMoMMfWuyPKqmOx0e2y8g==",
      "optional": true
    },
    "node_modules/shebang-command": {
      "version": "2.0.0",
      "resolved": "https://registry.npmjs.org/shebang-command/-/shebang-command-2.0.0.tgz",
      "integrity": "sha512-kHxr2zZpYtdmrN1qDjrrX/Z1rR1kG8Dx+gkpK1G4eXmvXswmcE1hTWBWYUzlraYw1/yZp6YuDY77YtvbN0dmDA==",
      "dependencies": {
        "shebang-regex": "^3.0.0"
      },
      "engines": {
        "node": ">=8"
      }
    },
    "node_modules/shebang-regex": {
      "version": "3.0.0",
      "resolved": "https://registry.npmjs.org/shebang-regex/-/shebang-regex-3.0.0.tgz",
      "integrity": "sha512-7++dFhtcx3353uBaq8DDR4NuxBetBzC7ZQOhmTQInHEd6bSrXdiEyzCvG07Z44UYdLShWUyXt5M/yhz8ekcb1A==",
      "engines": {
        "node": ">=8"
      }
    },
    "node_modules/shelljs": {
      "version": "0.1.4",
      "resolved": "https://registry.npmjs.org/shelljs/-/shelljs-0.1.4.tgz",
      "integrity": "sha512-UkXLBuUzAJwkal/0eYnQs8LpXQ4grKL5kPtA0RkUzhj1khUvw5Z2d717GRTRclDWQ+Y14yWkiM9cJX2CwSHxpw==",
      "bin": {
        "shjs": "bin/shjs"
      },
      "engines": {
        "node": "*"
      }
    },
    "node_modules/sigmund": {
      "version": "1.0.1",
      "resolved": "https://registry.npmjs.org/sigmund/-/sigmund-1.0.1.tgz",
      "integrity": "sha512-fCvEXfh6NWpm+YSuY2bpXb/VIihqWA6hLsgboC+0nl71Q7N7o2eaCW8mJa/NLvQhs6jpd3VZV4UiUQlV6+lc8g=="
    },
    "node_modules/signal-exit": {
      "version": "4.1.0",
      "resolved": "https://registry.npmjs.org/signal-exit/-/signal-exit-4.1.0.tgz",
      "integrity": "sha512-bzyZ1e88w9O1iNJbKnOlvYTrWPDl46O1bG0D3XInv+9tkPrxrN8jUUTiFlDkkmKWgn1M6CfIA13SuGqOa9Korw==",
      "engines": {
        "node": ">=14"
      },
      "funding": {
        "url": "https://github.com/sponsors/isaacs"
      }
    },
    "node_modules/source-map": {
      "version": "0.6.1",
      "resolved": "https://registry.npmjs.org/source-map/-/source-map-0.6.1.tgz",
      "integrity": "sha512-UjgapumWlbMhkBgzT7Ykc5YXUT46F0iKu8SGXq0bcwP5dz/h0Plj6enJqjz1Zbq2l5WaqYnrVbwWOWMyF3F47g==",
      "optional": true,
      "engines": {
        "node": ">=0.10.0"
      }
    },
    "node_modules/source-map-support": {
      "version": "0.5.21",
      "resolved": "https://registry.npmjs.org/source-map-support/-/source-map-support-0.5.21.tgz",
      "integrity": "sha512-uBHU3L3czsIyYXKX88fdrGovxdSCoTGDRZ6SYXtSRxLZUzHg5P/66Ht6uoUlHu9EZod+inXhKo3qQgwXUT/y1w==",
      "optional": true,
      "dependencies": {
        "buffer-from": "^1.0.0",
        "source-map": "^0.6.0"
      }
    },
    "node_modules/string_decoder": {
      "version": "0.10.31",
      "resolved": "https://registry.npmjs.org/string_decoder/-/string_decoder-0.10.31.tgz",
      "integrity": "sha512-ev2QzSzWPYmy9GuqfIVildA4OdcGLeFZQrq5ys6RtiuF+RQQiZWr8TZNyAcuVXyQRYfEO+MsoB/1BuQVhOJuoQ=="
    },
    "node_modules/string-width": {
      "version": "5.1.2",
      "resolved": "https://registry.npmjs.org/string-width/-/string-width-5.1.2.tgz",
      "integrity": "sha512-HnLOCR3vjcY8beoNLtcjZ5/nxn2afmME6lhrDrebokqMap+XbeW8n9TXpPDOqdGK5qcI3oT0GKTW6wC7EMiVqA==",
      "dependencies": {
        "eastasianwidth": "^0.2.0",
        "emoji-regex": "^9.2.2",
        "strip-ansi": "^7.0.1"
      },
      "engines": {
        "node": ">=12"
      },
      "funding": {
        "url": "https://github.com/sponsors/sindresorhus"
      }
    },
    "node_modules/string-width-cjs": {
      "name": "string-width",
      "version": "4.2.3",
      "resolved": "https://registry.npmjs.org/string-width/-/string-width-4.2.3.tgz",
      "integrity": "sha512-wKyQRQpjJ0sIp62ErSZdGsjMJWsap5oRNihHhu6G7JVO/9jIB6UyevL+tXuOqrng8j/cxKTWyWUwvSTriiZz/g==",
      "dependencies": {
        "emoji-regex": "^8.0.0",
        "is-fullwidth-code-point": "^3.0.0",
        "strip-ansi": "^6.0.1"
      },
      "engines": {
        "node": ">=8"
      }
    },
    "node_modules/string-width-cjs/node_modules/ansi-regex": {
      "version": "5.0.1",
      "resolved": "https://registry.npmjs.org/ansi-regex/-/ansi-regex-5.0.1.tgz",
      "integrity": "sha512-quJQXlTSUGL2LH9SUXo8VwsY4soanhgo6LNSm84E1LBcE8s3O0wpdiRzyR9z/ZZJMlMWv37qOOb9pdJlMUEKFQ==",
      "engines": {
        "node": ">=8"
      }
    },
    "node_modules/string-width-cjs/node_modules/emoji-regex": {
      "version": "8.0.0",
      "resolved": "https://registry.npmjs.org/emoji-regex/-/emoji-regex-8.0.0.tgz",
      "integrity": "sha512-MSjYzcWNOA0ewAHpz0MxpYFvwg6yjy1NG3xteoqz644VCo/RPgnr1/GGt+ic3iJTzQ8Eu3TdM14SawnVUmGE6A=="
    },
    "node_modules/string-width-cjs/node_modules/strip-ansi": {
      "version": "6.0.1",
      "resolved": "https://registry.npmjs.org/strip-ansi/-/strip-ansi-6.0.1.tgz",
      "integrity": "sha512-Y38VPSHcqkFrCpFnQ9vuSXmquuv5oXOKpGeT6aGrr3o3Gc9AlVa6JBfUSOCnbxGGZF+/0ooI7KrPuUSztUdU5A==",
      "dependencies": {
        "ansi-regex": "^5.0.1"
      },
      "engines": {
        "node": ">=8"
      }
    },
    "node_modules/strip-ansi": {
      "version": "7.1.0",
      "resolved": "https://registry.npmjs.org/strip-ansi/-/strip-ansi-7.1.0.tgz",
      "integrity": "sha512-iq6eVVI64nQQTRYq2KtEg2d2uU7LElhTJwsH4YzIHZshxlgZms/wIc4VoDQTlG/IvVIrBKG06CrZnp0qv7hkcQ==",
      "dependencies": {
        "ansi-regex": "^6.0.1"
      },
      "engines": {
        "node": ">=12"
      },
      "funding": {
        "url": "https://github.com/chalk/strip-ansi?sponsor=1"
      }
    },
    "node_modules/strip-ansi-cjs": {
      "name": "strip-ansi",
      "version": "6.0.1",
      "resolved": "https://registry.npmjs.org/strip-ansi/-/strip-ansi-6.0.1.tgz",
      "integrity": "sha512-Y38VPSHcqkFrCpFnQ9vuSXmquuv5oXOKpGeT6aGrr3o3Gc9AlVa6JBfUSOCnbxGGZF+/0ooI7KrPuUSztUdU5A==",
      "dependencies": {
        "ansi-regex": "^5.0.1"
      },
      "engines": {
        "node": ">=8"
      }
    },
    "node_modules/strip-ansi-cjs/node_modules/ansi-regex": {
      "version": "5.0.1",
      "resolved": "https://registry.npmjs.org/ansi-regex/-/ansi-regex-5.0.1.tgz",
      "integrity": "sha512-quJQXlTSUGL2LH9SUXo8VwsY4soanhgo6LNSm84E1LBcE8s3O0wpdiRzyR9z/ZZJMlMWv37qOOb9pdJlMUEKFQ==",
      "engines": {
        "node": ">=8"
      }
    },
    "node_modules/underscore": {
      "version": "1.4.4",
      "resolved": "https://registry.npmjs.org/underscore/-/underscore-1.4.4.tgz",
      "integrity": "sha512-ZqGrAgaqqZM7LGRzNjLnw5elevWb5M8LEoDMadxIW3OWbcv72wMMgKdwOKpd5Fqxe8choLD8HN3iSj3TUh/giQ=="
    },
    "node_modules/which": {
      "version": "2.0.2",
      "resolved": "https://registry.npmjs.org/which/-/which-2.0.2.tgz",
      "integrity": "sha512-BLI3Tl1TW3Pvl70l3yq3Y64i+awpwXqsGBYWkkqMtnbXgrMD+yj7rhW0kuEDxzJaYXGjEW5ogapKNMEKNMjibA==",
      "dependencies": {
        "isexe": "^2.0.0"
      },
      "bin": {
        "node-which": "bin/node-which"
      },
      "engines": {
        "node": ">= 8"
      }
    },
    "node_modules/wrap-ansi": {
      "version": "8.1.0",
      "resolved": "https://registry.npmjs.org/wrap-ansi/-/wrap-ansi-8.1.0.tgz",
      "integrity": "sha512-si7QWI6zUMq56bESFvagtmzMdGOtoxfR+Sez11Mobfc7tm+VkUckk9bW2UeffTGVUbOksxmSw0AA2gs8g71NCQ==",
      "dependencies": {
        "ansi-styles": "^6.1.0",
        "string-width": "^5.0.1",
        "strip-ansi": "^7.0.1"
      },
      "engines": {
        "node": ">=12"
      },
      "funding": {
        "url": "https://github.com/chalk/wrap-ansi?sponsor=1"
      }
    },
    "node_modules/wrap-ansi-cjs": {
      "name": "wrap-ansi",
      "version": "7.0.0",
      "resolved": "https://registry.npmjs.org/wrap-ansi/-/wrap-ansi-7.0.0.tgz",
      "integrity": "sha512-YVGIj2kamLSTxw6NsZjoBxfSwsn0ycdesmc4p+Q21c5zPuZ1pl+NfxVdxPtdHvmNVOQ6XSYG4AUtyt/Fi7D16Q==",
      "dependencies": {
        "ansi-styles": "^4.0.0",
        "string-width": "^4.1.0",
        "strip-ansi": "^6.0.0"
      },
      "engines": {
        "node": ">=10"
      },
      "funding": {
        "url": "https://github.com/chalk/wrap-ansi?sponsor=1"
      }
    },
    "node_modules/wrap-ansi-cjs/node_modules/ansi-regex": {
      "version": "5.0.1",
      "resolved": "https://registry.npmjs.org/ansi-regex/-/ansi-regex-5.0.1.tgz",
      "integrity": "sha512-quJQXlTSUGL2LH9SUXo8VwsY4soanhgo6LNSm84E1LBcE8s3O0wpdiRzyR9z/ZZJMlMWv37qOOb9pdJlMUEKFQ==",
      "engines": {
        "node": ">=8"
      }
    },
    "node_modules/wrap-ansi-cjs/node_modules/ansi-styles": {
      "version": "4.3.0",
      "resolved": "https://registry.npmjs.org/ansi-styles/-/ansi-styles-4.3.0.tgz",
      "integrity": "sha512-zbB9rCJAT1rbjiVDb2hqKFHNYLxgtk8NURxZ3IZwD3F6NtxbXZQCnnSi1Lkx+IDohdPlFp222wVALIheZJQSEg==",
      "dependencies": {
        "color-convert": "^2.0.1"
      },
      "engines": {
        "node": ">=8"
      },
      "funding": {
        "url": "https://github.com/chalk/ansi-styles?sponsor=1"
      }
    },
    "node_modules/wrap-ansi-cjs/node_modules/emoji-regex": {
      "version": "8.0.0",
      "resolved": "https://registry.npmjs.org/emoji-regex/-/emoji-regex-8.0.0.tgz",
      "integrity": "sha512-MSjYzcWNOA0ewAHpz0MxpYFvwg6yjy1NG3xteoqz644VCo/RPgnr1/GGt+ic3iJTzQ8Eu3TdM14SawnVUmGE6A=="
    },
    "node_modules/wrap-ansi-cjs/node_modules/string-width": {
      "version": "4.2.3",
      "resolved": "https://registry.npmjs.org/string-width/-/string-width-4.2.3.tgz",
      "integrity": "sha512-wKyQRQpjJ0sIp62ErSZdGsjMJWsap5oRNihHhu6G7JVO/9jIB6UyevL+tXuOqrng8j/cxKTWyWUwvSTriiZz/g==",
      "dependencies": {
        "emoji-regex": "^8.0.0",
        "is-fullwidth-code-point": "^3.0.0",
        "strip-ansi": "^6.0.1"
      },
      "engines": {
        "node": ">=8"
      }
    },
    "node_modules/wrap-ansi-cjs/node_modules/strip-ansi": {
      "version": "6.0.1",
      "resolved": "https://registry.npmjs.org/strip-ansi/-/strip-ansi-6.0.1.tgz",
      "integrity": "sha512-Y38VPSHcqkFrCpFnQ9vuSXmquuv5oXOKpGeT6aGrr3o3Gc9AlVa6JBfUSOCnbxGGZF+/0ooI7KrPuUSztUdU5A==",
      "dependencies": {
        "ansi-regex": "^5.0.1"
      },
      "engines": {
        "node": ">=8"
      }
    },
    "node_modules/zmq": {
      "version": "2.4.0",
      "resolved": "https://registry.npmjs.org/zmq/-/zmq-2.4.0.tgz",
      "integrity": "sha512-M7o1HPC+4gb3qL1+pddKJiu/uBu9un+r8c1nnDLS9HZKvMhIDyhGLFtmMbx9EnpP29KjNshrR27RyWBfhbNSRQ==",
      "hasInstallScript": true,
      "optional": true,
      "engines": {
        "node": ">=0.7.9"
      }
    }
  }
}
